// !$*UTF8*$!
{
	archiveVersion = 1;
	classes = {
	};
	objectVersion = 46;
	objects = {

/* Begin PBXBuildFile section */
		787980231E1FDDEC00E1E67C /* AppDelegate.swift in Sources */ = {isa = PBXBuildFile; fileRef = 787980221E1FDDEC00E1E67C /* AppDelegate.swift */; };
		787980251E1FDDEC00E1E67C /* ViewController.swift in Sources */ = {isa = PBXBuildFile; fileRef = 787980241E1FDDEC00E1E67C /* ViewController.swift */; };
		787980281E1FDDEC00E1E67C /* Main.storyboard in Resources */ = {isa = PBXBuildFile; fileRef = 787980261E1FDDEC00E1E67C /* Main.storyboard */; };
		7879802A1E1FDDEC00E1E67C /* Assets.xcassets in Resources */ = {isa = PBXBuildFile; fileRef = 787980291E1FDDEC00E1E67C /* Assets.xcassets */; };
		78F5A8EA1E1FF5AE00A21BA8 /* QuizViewController.swift in Sources */ = {isa = PBXBuildFile; fileRef = 78F5A8E91E1FF5AE00A21BA8 /* QuizViewController.swift */; };
		78F5A8EC1E1FFED100A21BA8 /* TableViewPractiveViewController.swift in Sources */ = {isa = PBXBuildFile; fileRef = 78F5A8EB1E1FFED100A21BA8 /* TableViewPractiveViewController.swift */; };
		78F5A8F31E200A1600A21BA8 /* Mountain-View.jpg in Resources */ = {isa = PBXBuildFile; fileRef = 78F5A8ED1E200A1600A21BA8 /* Mountain-View.jpg */; };
		78F5A8F41E200A1600A21BA8 /* Sacramento.jpg in Resources */ = {isa = PBXBuildFile; fileRef = 78F5A8EE1E200A1600A21BA8 /* Sacramento.jpg */; };
		78F5A8F51E200A1600A21BA8 /* San-Jose.jpg in Resources */ = {isa = PBXBuildFile; fileRef = 78F5A8EF1E200A1600A21BA8 /* San-Jose.jpg */; };
		78F5A8F61E200A1600A21BA8 /* Los-Angeles.jpg in Resources */ = {isa = PBXBuildFile; fileRef = 78F5A8F01E200A1600A21BA8 /* Los-Angeles.jpg */; };
		78F5A8F71E200A1600A21BA8 /* San-Diego.jpg in Resources */ = {isa = PBXBuildFile; fileRef = 78F5A8F11E200A1600A21BA8 /* San-Diego.jpg */; };
		78F5A8F81E200A1600A21BA8 /* San-Francisco.jpg in Resources */ = {isa = PBXBuildFile; fileRef = 78F5A8F21E200A1600A21BA8 /* San-Francisco.jpg */; };
		78F5A8FF1E2044FA00A21BA8 /* Secrets.swift in Sources */ = {isa = PBXBuildFile; fileRef = 78F5A8FE1E2044FA00A21BA8 /* Secrets.swift */; };
		78F5A9011E20468200A21BA8 /* Constants.swift in Sources */ = {isa = PBXBuildFile; fileRef = 78F5A9001E20468200A21BA8 /* Constants.swift */; };
/* End PBXBuildFile section */

/* Begin PBXFileReference section */
		7879801F1E1FDDEC00E1E67C /* HelloWorld.app */ = {isa = PBXFileReference; explicitFileType = wrapper.application; includeInIndex = 0; path = HelloWorld.app; sourceTree = BUILT_PRODUCTS_DIR; };
		787980221E1FDDEC00E1E67C /* AppDelegate.swift */ = {isa = PBXFileReference; lastKnownFileType = sourcecode.swift; path = AppDelegate.swift; sourceTree = "<group>"; };
		787980241E1FDDEC00E1E67C /* ViewController.swift */ = {isa = PBXFileReference; lastKnownFileType = sourcecode.swift; path = ViewController.swift; sourceTree = "<group>"; };
		787980271E1FDDEC00E1E67C /* Base */ = {isa = PBXFileReference; lastKnownFileType = file.storyboard; name = Base; path = Base.lproj/Main.storyboard; sourceTree = "<group>"; };
		787980291E1FDDEC00E1E67C /* Assets.xcassets */ = {isa = PBXFileReference; lastKnownFileType = folder.assetcatalog; path = Assets.xcassets; sourceTree = "<group>"; };
		7879802B1E1FDDEC00E1E67C /* Info.plist */ = {isa = PBXFileReference; lastKnownFileType = text.plist.xml; path = Info.plist; sourceTree = "<group>"; };
		78F5A8E91E1FF5AE00A21BA8 /* QuizViewController.swift */ = {isa = PBXFileReference; fileEncoding = 4; lastKnownFileType = sourcecode.swift; path = QuizViewController.swift; sourceTree = "<group>"; };
		78F5A8EB1E1FFED100A21BA8 /* TableViewPractiveViewController.swift */ = {isa = PBXFileReference; fileEncoding = 4; lastKnownFileType = sourcecode.swift; path = TableViewPractiveViewController.swift; sourceTree = "<group>"; };
		78F5A8ED1E200A1600A21BA8 /* Mountain-View.jpg */ = {isa = PBXFileReference; lastKnownFileType = image.jpeg; path = "Mountain-View.jpg"; sourceTree = "<group>"; };
		78F5A8EE1E200A1600A21BA8 /* Sacramento.jpg */ = {isa = PBXFileReference; lastKnownFileType = image.jpeg; path = Sacramento.jpg; sourceTree = "<group>"; };
		78F5A8EF1E200A1600A21BA8 /* San-Jose.jpg */ = {isa = PBXFileReference; lastKnownFileType = image.jpeg; path = "San-Jose.jpg"; sourceTree = "<group>"; };
		78F5A8F01E200A1600A21BA8 /* Los-Angeles.jpg */ = {isa = PBXFileReference; lastKnownFileType = image.jpeg; path = "Los-Angeles.jpg"; sourceTree = "<group>"; };
		78F5A8F11E200A1600A21BA8 /* San-Diego.jpg */ = {isa = PBXFileReference; lastKnownFileType = image.jpeg; path = "San-Diego.jpg"; sourceTree = "<group>"; };
		78F5A8F21E200A1600A21BA8 /* San-Francisco.jpg */ = {isa = PBXFileReference; lastKnownFileType = image.jpeg; path = "San-Francisco.jpg"; sourceTree = "<group>"; };
		78F5A8FE1E2044FA00A21BA8 /* Secrets.swift */ = {isa = PBXFileReference; fileEncoding = 4; lastKnownFileType = sourcecode.swift; path = Secrets.swift; sourceTree = "<group>"; };
		78F5A9001E20468200A21BA8 /* Constants.swift */ = {isa = PBXFileReference; fileEncoding = 4; lastKnownFileType = sourcecode.swift; path = Constants.swift; sourceTree = "<group>"; };
/* End PBXFileReference section */

/* Begin PBXFrameworksBuildPhase section */
		7879801C1E1FDDEC00E1E67C /* Frameworks */ = {
			isa = PBXFrameworksBuildPhase;
			buildActionMask = 2147483647;
			files = (
			);
			runOnlyForDeploymentPostprocessing = 0;
		};
/* End PBXFrameworksBuildPhase section */

/* Begin PBXGroup section */
		787980161E1FDDEC00E1E67C = {
			isa = PBXGroup;
			children = (
				787980211E1FDDEC00E1E67C /* HelloWorld */,
				787980201E1FDDEC00E1E67C /* Products */,
			);
			sourceTree = "<group>";
		};
		787980201E1FDDEC00E1E67C /* Products */ = {
			isa = PBXGroup;
			children = (
				7879801F1E1FDDEC00E1E67C /* HelloWorld.app */,
			);
			name = Products;
			sourceTree = "<group>";
		};
		787980211E1FDDEC00E1E67C /* HelloWorld */ = {
			isa = PBXGroup;
			children = (
				787980221E1FDDEC00E1E67C /* AppDelegate.swift */,
				787980241E1FDDEC00E1E67C /* ViewController.swift */,
				78F5A8E91E1FF5AE00A21BA8 /* QuizViewController.swift */,
				78F5A8EB1E1FFED100A21BA8 /* TableViewPractiveViewController.swift */,
				78F5A8F91E200A2E00A21BA8 /* CityImages */,
				787980261E1FDDEC00E1E67C /* Main.storyboard */,
				787980291E1FDDEC00E1E67C /* Assets.xcassets */,
				7879802B1E1FDDEC00E1E67C /* Info.plist */,
				78F5A8FE1E2044FA00A21BA8 /* Secrets.swift */,
				78F5A9001E20468200A21BA8 /* Constants.swift */,
			);
			path = HelloWorld;
			sourceTree = "<group>";
		};
		78F5A8F91E200A2E00A21BA8 /* CityImages */ = {
			isa = PBXGroup;
			children = (
				78F5A8ED1E200A1600A21BA8 /* Mountain-View.jpg */,
				78F5A8EE1E200A1600A21BA8 /* Sacramento.jpg */,
				78F5A8EF1E200A1600A21BA8 /* San-Jose.jpg */,
				78F5A8F01E200A1600A21BA8 /* Los-Angeles.jpg */,
				78F5A8F11E200A1600A21BA8 /* San-Diego.jpg */,
				78F5A8F21E200A1600A21BA8 /* San-Francisco.jpg */,
			);
			name = CityImages;
			sourceTree = "<group>";
		};
/* End PBXGroup section */

/* Begin PBXNativeTarget section */
		7879801E1E1FDDEC00E1E67C /* HelloWorld */ = {
			isa = PBXNativeTarget;
			buildConfigurationList = 7879802E1E1FDDEC00E1E67C /* Build configuration list for PBXNativeTarget "HelloWorld" */;
			buildPhases = (
				7879801B1E1FDDEC00E1E67C /* Sources */,
				7879801C1E1FDDEC00E1E67C /* Frameworks */,
				7879801D1E1FDDEC00E1E67C /* Resources */,
			);
			buildRules = (
			);
			dependencies = (
			);
			name = HelloWorld;
			productName = HelloWorld;
			productReference = 7879801F1E1FDDEC00E1E67C /* HelloWorld.app */;
			productType = "com.apple.product-type.application";
		};
/* End PBXNativeTarget section */

/* Begin PBXProject section */
		787980171E1FDDEC00E1E67C /* Project object */ = {
			isa = PBXProject;
			attributes = {
				LastSwiftUpdateCheck = 0820;
				LastUpgradeCheck = 0820;
				ORGANIZATIONNAME = "Cenker Demir";
				TargetAttributes = {
					7879801E1E1FDDEC00E1E67C = {
						CreatedOnToolsVersion = 8.2.1;
						DevelopmentTeam = X82JT57D2Y;
						ProvisioningStyle = Automatic;
					};
				};
			};
			buildConfigurationList = 7879801A1E1FDDEC00E1E67C /* Build configuration list for PBXProject "HelloWorld" */;
			compatibilityVersion = "Xcode 3.2";
			developmentRegion = English;
			hasScannedForEncodings = 0;
			knownRegions = (
				en,
				Base,
			);
			mainGroup = 787980161E1FDDEC00E1E67C;
			productRefGroup = 787980201E1FDDEC00E1E67C /* Products */;
			projectDirPath = "";
			projectRoot = "";
			targets = (
				7879801E1E1FDDEC00E1E67C /* HelloWorld */,
			);
		};
/* End PBXProject section */

/* Begin PBXResourcesBuildPhase section */
		7879801D1E1FDDEC00E1E67C /* Resources */ = {
			isa = PBXResourcesBuildPhase;
			buildActionMask = 2147483647;
			files = (
				78F5A8F71E200A1600A21BA8 /* San-Diego.jpg in Resources */,
				78F5A8F51E200A1600A21BA8 /* San-Jose.jpg in Resources */,
				78F5A8F31E200A1600A21BA8 /* Mountain-View.jpg in Resources */,
				78F5A8F61E200A1600A21BA8 /* Los-Angeles.jpg in Resources */,
				7879802A1E1FDDEC00E1E67C /* Assets.xcassets in Resources */,
				78F5A8F41E200A1600A21BA8 /* Sacramento.jpg in Resources */,
				787980281E1FDDEC00E1E67C /* Main.storyboard in Resources */,
				78F5A8F81E200A1600A21BA8 /* San-Francisco.jpg in Resources */,
			);
			runOnlyForDeploymentPostprocessing = 0;
		};
/* End PBXResourcesBuildPhase section */

/* Begin PBXSourcesBuildPhase section */
		7879801B1E1FDDEC00E1E67C /* Sources */ = {
			isa = PBXSourcesBuildPhase;
			buildActionMask = 2147483647;
			files = (
				78F5A8EC1E1FFED100A21BA8 /* TableViewPractiveViewController.swift in Sources */,
				78F5A8FF1E2044FA00A21BA8 /* Secrets.swift in Sources */,
				78F5A8EA1E1FF5AE00A21BA8 /* QuizViewController.swift in Sources */,
				78F5A9011E20468200A21BA8 /* Constants.swift in Sources */,
				787980251E1FDDEC00E1E67C /* ViewController.swift in Sources */,
				787980231E1FDDEC00E1E67C /* AppDelegate.swift in Sources */,
			);
			runOnlyForDeploymentPostprocessing = 0;
		};
/* End PBXSourcesBuildPhase section */

/* Begin PBXVariantGroup section */
		787980261E1FDDEC00E1E67C /* Main.storyboard */ = {
			isa = PBXVariantGroup;
			children = (
				787980271E1FDDEC00E1E67C /* Base */,
			);
			name = Main.storyboard;
			sourceTree = "<group>";
		};
/* End PBXVariantGroup section */

/* Begin XCBuildConfiguration section */
		7879802C1E1FDDEC00E1E67C /* Debug */ = {
			isa = XCBuildConfiguration;
			buildSettings = {
				ALWAYS_SEARCH_USER_PATHS = NO;
				CLANG_ANALYZER_NONNULL = YES;
				CLANG_CXX_LANGUAGE_STANDARD = "gnu++0x";
				CLANG_CXX_LIBRARY = "libc++";
				CLANG_ENABLE_MODULES = YES;
				CLANG_ENABLE_OBJC_ARC = YES;
				CLANG_WARN_BOOL_CONVERSION = YES;
				CLANG_WARN_CONSTANT_CONVERSION = YES;
				CLANG_WARN_DIRECT_OBJC_ISA_USAGE = YES_ERROR;
				CLANG_WARN_DOCUMENTATION_COMMENTS = YES;
				CLANG_WARN_EMPTY_BODY = YES;
				CLANG_WARN_ENUM_CONVERSION = YES;
				CLANG_WARN_INFINITE_RECURSION = YES;
				CLANG_WARN_INT_CONVERSION = YES;
				CLANG_WARN_OBJC_ROOT_CLASS = YES_ERROR;
				CLANG_WARN_SUSPICIOUS_MOVE = YES;
				CLANG_WARN_UNREACHABLE_CODE = YES;
				CLANG_WARN__DUPLICATE_METHOD_MATCH = YES;
				COPY_PHASE_STRIP = NO;
				DEBUG_INFORMATION_FORMAT = dwarf;
				ENABLE_STRICT_OBJC_MSGSEND = YES;
				ENABLE_TESTABILITY = YES;
				GCC_C_LANGUAGE_STANDARD = gnu99;
				GCC_DYNAMIC_NO_PIC = NO;
				GCC_NO_COMMON_BLOCKS = YES;
				GCC_OPTIMIZATION_LEVEL = 0;
				GCC_PREPROCESSOR_DEFINITIONS = (
					"DEBUG=1",
					"$(inherited)",
				);
				GCC_WARN_64_TO_32_BIT_CONVERSION = YES;
				GCC_WARN_ABOUT_RETURN_TYPE = YES_ERROR;
				GCC_WARN_UNDECLARED_SELECTOR = YES;
				GCC_WARN_UNINITIALIZED_AUTOS = YES_AGGRESSIVE;
				GCC_WARN_UNUSED_FUNCTION = YES;
				GCC_WARN_UNUSED_VARIABLE = YES;
				MTL_ENABLE_DEBUG_INFO = YES;
				ONLY_ACTIVE_ARCH = YES;
				SDKROOT = appletvos;
				SWIFT_ACTIVE_COMPILATION_CONDITIONS = DEBUG;
				SWIFT_OPTIMIZATION_LEVEL = "-Onone";
				TARGETED_DEVICE_FAMILY = 3;
				TVOS_DEPLOYMENT_TARGET = 10.1;
			};
			name = Debug;
		};
		7879802D1E1FDDEC00E1E67C /* Release */ = {
			isa = XCBuildConfiguration;
			buildSettings = {
				ALWAYS_SEARCH_USER_PATHS = NO;
				CLANG_ANALYZER_NONNULL = YES;
				CLANG_CXX_LANGUAGE_STANDARD = "gnu++0x";
				CLANG_CXX_LIBRARY = "libc++";
				CLANG_ENABLE_MODULES = YES;
				CLANG_ENABLE_OBJC_ARC = YES;
				CLANG_WARN_BOOL_CONVERSION = YES;
				CLANG_WARN_CONSTANT_CONVERSION = YES;
				CLANG_WARN_DIRECT_OBJC_ISA_USAGE = YES_ERROR;
				CLANG_WARN_DOCUMENTATION_COMMENTS = YES;
				CLANG_WARN_EMPTY_BODY = YES;
				CLANG_WARN_ENUM_CONVERSION = YES;
				CLANG_WARN_INFINITE_RECURSION = YES;
				CLANG_WARN_INT_CONVERSION = YES;
				CLANG_WARN_OBJC_ROOT_CLASS = YES_ERROR;
				CLANG_WARN_SUSPICIOUS_MOVE = YES;
				CLANG_WARN_UNREACHABLE_CODE = YES;
				CLANG_WARN__DUPLICATE_METHOD_MATCH = YES;
				COPY_PHASE_STRIP = NO;
				DEBUG_INFORMATION_FORMAT = "dwarf-with-dsym";
				ENABLE_NS_ASSERTIONS = NO;
				ENABLE_STRICT_OBJC_MSGSEND = YES;
				GCC_C_LANGUAGE_STANDARD = gnu99;
				GCC_NO_COMMON_BLOCKS = YES;
				GCC_WARN_64_TO_32_BIT_CONVERSION = YES;
				GCC_WARN_ABOUT_RETURN_TYPE = YES_ERROR;
				GCC_WARN_UNDECLARED_SELECTOR = YES;
				GCC_WARN_UNINITIALIZED_AUTOS = YES_AGGRESSIVE;
				GCC_WARN_UNUSED_FUNCTION = YES;
				GCC_WARN_UNUSED_VARIABLE = YES;
				MTL_ENABLE_DEBUG_INFO = NO;
				SDKROOT = appletvos;
				SWIFT_OPTIMIZATION_LEVEL = "-Owholemodule";
				TARGETED_DEVICE_FAMILY = 3;
				TVOS_DEPLOYMENT_TARGET = 10.1;
				VALIDATE_PRODUCT = YES;
			};
			name = Release;
		};
		7879802F1E1FDDEC00E1E67C /* Debug */ = {
			isa = XCBuildConfiguration;
			buildSettings = {
				ASSETCATALOG_COMPILER_APPICON_NAME = "App Icon & Top Shelf Image";
				ASSETCATALOG_COMPILER_LAUNCHIMAGE_NAME = LaunchImage;
				DEVELOPMENT_TEAM = X82JT57D2Y;
				INFOPLIST_FILE = HelloWorld/Info.plist;
				LD_RUNPATH_SEARCH_PATHS = "$(inherited) @executable_path/Frameworks";
				PRODUCT_BUNDLE_IDENTIFIER = com.Cenker.Demir.HelloWorld;
				PRODUCT_NAME = "$(TARGET_NAME)";
				SWIFT_VERSION = 3.0;
			};
			name = Debug;
		};
		787980301E1FDDEC00E1E67C /* Release */ = {
			isa = XCBuildConfiguration;
			buildSettings = {
				ASSETCATALOG_COMPILER_APPICON_NAME = "App Icon & Top Shelf Image";
				ASSETCATALOG_COMPILER_LAUNCHIMAGE_NAME = LaunchImage;
				DEVELOPMENT_TEAM = X82JT57D2Y;
				INFOPLIST_FILE = HelloWorld/Info.plist;
				LD_RUNPATH_SEARCH_PATHS = "$(inherited) @executable_path/Frameworks";
				PRODUCT_BUNDLE_IDENTIFIER = com.Cenker.Demir.HelloWorld;
				PRODUCT_NAME = "$(TARGET_NAME)";
				SWIFT_VERSION = 3.0;
			};
			name = Release;
		};
/* End XCBuildConfiguration section */

/* Begin XCConfigurationList section */
		7879801A1E1FDDEC00E1E67C /* Build configuration list for PBXProject "HelloWorld" */ = {
			isa = XCConfigurationList;
			buildConfigurations = (
				7879802C1E1FDDEC00E1E67C /* Debug */,
				7879802D1E1FDDEC00E1E67C /* Release */,
			);
			defaultConfigurationIsVisible = 0;
			defaultConfigurationName = Release;
		};
		7879802E1E1FDDEC00E1E67C /* Build configuration list for PBXNativeTarget "HelloWorld" */ = {
			isa = XCConfigurationList;
			buildConfigurations = (
				7879802F1E1FDDEC00E1E67C /* Debug */,
				787980301E1FDDEC00E1E67C /* Release */,
			);
			defaultConfigurationIsVisible = 0;
			defaultConfigurationName = Release;
		};
/* End XCConfigurationList section */
	};
	rootObject = 787980171E1FDDEC00E1E67C /* Project object */;
}
